
Microsoft Visual Studio Solution File, Format Version 12.00
# Visual Studio 2012
Project("{FAE04EC0-301F-11D3-BF4B-00C04F79EFBC}") = "BreakTime.Windows.Shell", "BreakTime.Windows.Shell\BreakTime.Windows.Shell.csproj", "{3C7E4581-0159-40A5-8EED-6A8FA231EB93}"
EndProject
Global
	GlobalSection(SolutionConfigurationPlatforms) = preSolution
		Debug|Any CPU = Debug|Any CPU
		Release|Any CPU = Release|Any CPU
	EndGlobalSection
	GlobalSection(ProjectConfigurationPlatforms) = postSolution
		{3C7E4581-0159-40A5-8EED-6A8FA231EB93}.Debug|Any CPU.ActiveCfg = Debug|Any CPU
		{3C7E4581-0159-40A5-8EED-6A8FA231EB93}.Debug|Any CPU.Build.0 = Debug|Any CPU
		{3C7E4581-0159-40A5-8EED-6A8FA231EB93}.Release|Any CPU.ActiveCfg = Release|Any CPU
		{3C7E4581-0159-40A5-8EED-6A8FA231EB93}.Release|Any CPU.Build.0 = Release|Any CPU
	EndGlobalSection
	GlobalSection(SolutionProperties) = preSolution
		HideSolutionNode = FALSE
	EndGlobalSection
EndGlobal
